
Microsoft Visual Studio Solution File, Format Version 12.00
Project("{FAE04EC0-301F-11D3-BF4B-00C04F79EFBC}") = "Event Calendar", "Event Calendar\Event Calendar.csproj", "{136D225E-1383-4918-BC9F-1E5D192B6804}"
EndProject
Global
	GlobalSection(SolutionConfigurationPlatforms) = preSolution
		Debug|Any CPU = Debug|Any CPU
		Release|Any CPU = Release|Any CPU
	EndGlobalSection
	GlobalSection(ProjectConfigurationPlatforms) = postSolution
		{136D225E-1383-4918-BC9F-1E5D192B6804}.Debug|Any CPU.ActiveCfg = Debug|Any CPU
		{136D225E-1383-4918-BC9F-1E5D192B6804}.Debug|Any CPU.Build.0 = Debug|Any CPU
		{136D225E-1383-4918-BC9F-1E5D192B6804}.Release|Any CPU.ActiveCfg = Release|Any CPU
		{136D225E-1383-4918-BC9F-1E5D192B6804}.Release|Any CPU.Build.0 = Release|Any CPU
	EndGlobalSection
EndGlobal
